
Microsoft Visual Studio Solution File, Format Version 12.00
# Visual Studio Version 17
VisualStudioVersion = 17.5.33414.496
MinimumVisualStudioVersion = 10.0.40219.1
Project("{FAE04EC0-301F-11D3-BF4B-00C04F79EFBC}") = "BFFinventario", "TDDinventario\BFFinventario.csproj", "{BEBBFA7A-F6FC-49A3-BF29-BE04C82E0738}"
EndProject
Global
	GlobalSection(SolutionConfigurationPlatforms) = preSolution
		Debug|Any CPU = Debug|Any CPU
		Release|Any CPU = Release|Any CPU
	EndGlobalSection
	GlobalSection(ProjectConfigurationPlatforms) = postSolution
		{BEBBFA7A-F6FC-49A3-BF29-BE04C82E0738}.Debug|Any CPU.ActiveCfg = Debug|Any CPU
		{BEBBFA7A-F6FC-49A3-BF29-BE04C82E0738}.Debug|Any CPU.Build.0 = Debug|Any CPU
		{BEBBFA7A-F6FC-49A3-BF29-BE04C82E0738}.Release|Any CPU.ActiveCfg = Release|Any CPU
		{BEBBFA7A-F6FC-49A3-BF29-BE04C82E0738}.Release|Any CPU.Build.0 = Release|Any CPU
	EndGlobalSection
	GlobalSection(SolutionProperties) = preSolution
		HideSolutionNode = FALSE
	EndGlobalSection
	GlobalSection(ExtensibilityGlobals) = postSolution
		SolutionGuid = {8D44B23B-554D-432E-978F-B9A63F31B303}
	EndGlobalSection
EndGlobal
